schema: '2.0'
stages:
  train:
    cmd: pdm run python src/MECH-M-DUAL-2-MLB-DATA/train.py
    deps:
    - path: data
      hash: md5
      md5: 5b83048b4d4b53fb04f0b14883043e0a.dir
      size: 1311104
      nfiles: 2
    - path: params.yaml
      hash: md5
      md5: cb73b44317c559fce7c5e035ba5be854
      size: 644
    - path: src/MECH-M-DUAL-2-MLB-DATA/
      hash: md5
      md5: a869465bafbd8b33b2875a7d846715e7.dir
      size: 254707
      nfiles: 18
    outs:
    - path: dvclive
      hash: md5
      md5: 4e5a947ffb3497c9ee1423fd3c2b4342.dir
      size: 26570524
      nfiles: 6
