schema: '2.0'
stages:
  train:
    cmd: pdm run python src/MECH-M-DUAL-2-MLB-DATA/train.py
    deps:
    - path: data
      hash: md5
      md5: 5987e80830fc2caf6d475da3deca1dfe.dir
      size: 111165
      nfiles: 2
    - path: params.yaml
      hash: md5
      md5: 0ad678c7c338214916d88a106b4fe90a
      size: 637
    - path: src/MECH-M-DUAL-2-MLB-DATA/
      hash: md5
      md5: c93360b2cf461f6b2f8e9656882331a7.dir
      size: 14538
      nfiles: 8
    outs:
    - path: dvclive
      hash: md5
      md5: 39a41a5f85fc91363733f62eab4fc51d.dir
      size: 26533463
      nfiles: 6
